
Microsoft Visual Studio Solution File, Format Version 12.00
# Visual Studio Version 17
VisualStudioVersion = 17.6.33815.320
MinimumVisualStudioVersion = 10.0.40219.1
Project("{FAE04EC0-301F-11D3-BF4B-00C04F79EFBC}") = "Weather-O-Rama", "Weather-O-Rama.csproj", "{83220FBE-E03A-498C-9A14-5747E3EDE908}"
EndProject
Global
	GlobalSection(SolutionConfigurationPlatforms) = preSolution
		Debug|Any CPU = Debug|Any CPU
		Release|Any CPU = Release|Any CPU
	EndGlobalSection
	GlobalSection(ProjectConfigurationPlatforms) = postSolution
		{83220FBE-E03A-498C-9A14-5747E3EDE908}.Debug|Any CPU.ActiveCfg = Debug|Any CPU
		{83220FBE-E03A-498C-9A14-5747E3EDE908}.Debug|Any CPU.Build.0 = Debug|Any CPU
		{83220FBE-E03A-498C-9A14-5747E3EDE908}.Release|Any CPU.ActiveCfg = Release|Any CPU
		{83220FBE-E03A-498C-9A14-5747E3EDE908}.Release|Any CPU.Build.0 = Release|Any CPU
	EndGlobalSection
	GlobalSection(SolutionProperties) = preSolution
		HideSolutionNode = FALSE
	EndGlobalSection
	GlobalSection(ExtensibilityGlobals) = postSolution
		SolutionGuid = {9A7E4FF2-744E-4D0B-8A01-86FB04D9C702}
	EndGlobalSection
EndGlobal
