
Microsoft Visual Studio Solution File, Format Version 12.00
# Visual Studio Version 17
VisualStudioVersion = 17.6.33815.320
MinimumVisualStudioVersion = 10.0.40219.1
Project("{FAE04EC0-301F-11D3-BF4B-00C04F79EFBC}") = "PizzaRestaurant", "PizzaRestaurant.csproj", "{08EEC258-CA1A-4669-87D4-0EB38011C4BE}"
EndProject
Global
	GlobalSection(SolutionConfigurationPlatforms) = preSolution
		Debug|Any CPU = Debug|Any CPU
		Release|Any CPU = Release|Any CPU
	EndGlobalSection
	GlobalSection(ProjectConfigurationPlatforms) = postSolution
		{08EEC258-CA1A-4669-87D4-0EB38011C4BE}.Debug|Any CPU.ActiveCfg = Debug|Any CPU
		{08EEC258-CA1A-4669-87D4-0EB38011C4BE}.Debug|Any CPU.Build.0 = Debug|Any CPU
		{08EEC258-CA1A-4669-87D4-0EB38011C4BE}.Release|Any CPU.ActiveCfg = Release|Any CPU
		{08EEC258-CA1A-4669-87D4-0EB38011C4BE}.Release|Any CPU.Build.0 = Release|Any CPU
	EndGlobalSection
	GlobalSection(SolutionProperties) = preSolution
		HideSolutionNode = FALSE
	EndGlobalSection
	GlobalSection(ExtensibilityGlobals) = postSolution
		SolutionGuid = {39A042A6-C2B5-445E-AE14-23C9955EEDB8}
	EndGlobalSection
EndGlobal
